
Microsoft Visual Studio Solution File, Format Version 12.00
# Visual Studio Version 16
VisualStudioVersion = 16.0.30907.101
MinimumVisualStudioVersion = 10.0.40219.1
Project("{FAE04EC0-301F-11D3-BF4B-00C04F79EFBC}") = "Game", "Game\Game.csproj", "{CD30C371-51A3-4611-AC9C-72F4CFA6615D}"
EndProject
Global
	GlobalSection(SolutionConfigurationPlatforms) = preSolution
		Debug|Any CPU = Debug|Any CPU
		Release|Any CPU = Release|Any CPU
	EndGlobalSection
	GlobalSection(ProjectConfigurationPlatforms) = postSolution
		{CD30C371-51A3-4611-AC9C-72F4CFA6615D}.Debug|Any CPU.ActiveCfg = Debug|Any CPU
		{CD30C371-51A3-4611-AC9C-72F4CFA6615D}.Debug|Any CPU.Build.0 = Debug|Any CPU
		{CD30C371-51A3-4611-AC9C-72F4CFA6615D}.Release|Any CPU.ActiveCfg = Release|Any CPU
		{CD30C371-51A3-4611-AC9C-72F4CFA6615D}.Release|Any CPU.Build.0 = Release|Any CPU
	EndGlobalSection
	GlobalSection(SolutionProperties) = preSolution
		HideSolutionNode = FALSE
	EndGlobalSection
	GlobalSection(ExtensibilityGlobals) = postSolution
		SolutionGuid = {4500DE18-6ADD-4032-9754-89113A41BB2A}
	EndGlobalSection
EndGlobal
